
Microsoft Visual Studio Solution File, Format Version 12.00
Project("{FAE04EC0-301F-11D3-BF4B-00C04F79EFBC}") = "SyncfusionQRCode", "SyncfusionQRCode\SyncfusionQRCode.csproj", "{0E8F24B8-8E3C-410A-B900-0DE02D06C5BD}"
EndProject
Global
	GlobalSection(SolutionConfigurationPlatforms) = preSolution
		Debug|Any CPU = Debug|Any CPU
		Release|Any CPU = Release|Any CPU
	EndGlobalSection
	GlobalSection(ProjectConfigurationPlatforms) = postSolution
		{0E8F24B8-8E3C-410A-B900-0DE02D06C5BD}.Debug|Any CPU.ActiveCfg = Debug|Any CPU
		{0E8F24B8-8E3C-410A-B900-0DE02D06C5BD}.Debug|Any CPU.Build.0 = Debug|Any CPU
		{0E8F24B8-8E3C-410A-B900-0DE02D06C5BD}.Release|Any CPU.ActiveCfg = Release|Any CPU
		{0E8F24B8-8E3C-410A-B900-0DE02D06C5BD}.Release|Any CPU.Build.0 = Release|Any CPU
	EndGlobalSection
EndGlobal
